
Microsoft Visual Studio Solution File, Format Version 12.00
# Visual Studio 15
VisualStudioVersion = 15.0.28010.0
MinimumVisualStudioVersion = 10.0.40219.1
Project("{FAE04EC0-301F-11D3-BF4B-00C04F79EFBC}") = "XamarinConnectivity.Android", "XamarinConnectivity\XamarinConnectivity.Android\XamarinConnectivity.Android.csproj", "{ABE71068-5BFB-427D-A46D-86BB2DCD2FB6}"
EndProject
Project("{FAE04EC0-301F-11D3-BF4B-00C04F79EFBC}") = "XamarinConnectivity.iOS", "XamarinConnectivity\XamarinConnectivity.iOS\XamarinConnectivity.iOS.csproj", "{2D818DC7-2392-4C03-B162-580959A264A6}"
EndProject
Project("{FAE04EC0-301F-11D3-BF4B-00C04F79EFBC}") = "XamarinConnectivity.UWP", "XamarinConnectivity\XamarinConnectivity.UWP\XamarinConnectivity.UWP.csproj", "{056AC3E8-F43E-42C1-B55C-9619F9559590}"
EndProject
Project("{FAE04EC0-301F-11D3-BF4B-00C04F79EFBC}") = "XamarinConnectivity", "XamarinConnectivity\XamarinConnectivity\XamarinConnectivity.csproj", "{C3E0888E-1C7D-46DE-B725-DFA23DCCCB32}"
EndProject
Global
	GlobalSection(SolutionConfigurationPlatforms) = preSolution
		Ad-Hoc|Any CPU = Ad-Hoc|Any CPU
		Ad-Hoc|ARM = Ad-Hoc|ARM
		Ad-Hoc|iPhone = Ad-Hoc|iPhone
		Ad-Hoc|iPhoneSimulator = Ad-Hoc|iPhoneSimulator
		Ad-Hoc|x64 = Ad-Hoc|x64
		Ad-Hoc|x86 = Ad-Hoc|x86
		AppStore|Any CPU = AppStore|Any CPU
		AppStore|ARM = AppStore|ARM
		AppStore|iPhone = AppStore|iPhone
		AppStore|iPhoneSimulator = AppStore|iPhoneSimulator
		AppStore|x64 = AppStore|x64
		AppStore|x86 = AppStore|x86
		Debug|Any CPU = Debug|Any CPU
		Debug|ARM = Debug|ARM
		Debug|iPhone = Debug|iPhone
		Debug|iPhoneSimulator = Debug|iPhoneSimulator
		Debug|x64 = Debug|x64
		Debug|x86 = Debug|x86
		Release|Any CPU = Release|Any CPU
		Release|ARM = Release|ARM
		Release|iPhone = Release|iPhone
		Release|iPhoneSimulator = Release|iPhoneSimulator
		Release|x64 = Release|x64
		Release|x86 = Release|x86
	EndGlobalSection
	GlobalSection(ProjectConfigurationPlatforms) = postSolution
		{ABE71068-5BFB-427D-A46D-86BB2DCD2FB6}.Ad-Hoc|Any CPU.ActiveCfg = Release|Any CPU
		{ABE71068-5BFB-427D-A46D-86BB2DCD2FB6}.Ad-Hoc|Any CPU.Build.0 = Release|Any CPU
		{ABE71068-5BFB-427D-A46D-86BB2DCD2FB6}.Ad-Hoc|Any CPU.Deploy.0 = Release|Any CPU
		{ABE71068-5BFB-427D-A46D-86BB2DCD2FB6}.Ad-Hoc|ARM.ActiveCfg = Release|Any CPU
		{ABE71068-5BFB-427D-A46D-86BB2DCD2FB6}.Ad-Hoc|ARM.Build.0 = Release|Any CPU
		{ABE71068-5BFB-427D-A46D-86BB2DCD2FB6}.Ad-Hoc|ARM.Deploy.0 = Release|Any CPU
		{ABE71068-5BFB-427D-A46D-86BB2DCD2FB6}.Ad-Hoc|iPhone.ActiveCfg = Release|Any CPU
		{ABE71068-5BFB-427D-A46D-86BB2DCD2FB6}.Ad-Hoc|iPhone.Build.0 = Release|Any CPU
		{ABE71068-5BFB-427D-A46D-86BB2DCD2FB6}.Ad-Hoc|iPhone.Deploy.0 = Release|Any CPU
		{ABE71068-5BFB-427D-A46D-86BB2DCD2FB6}.Ad-Hoc|iPhoneSimulator.ActiveCfg = Release|Any CPU
		{ABE71068-5BFB-427D-A46D-86BB2DCD2FB6}.Ad-Hoc|iPhoneSimulator.Build.0 = Release|Any CPU
		{ABE71068-5BFB-427D-A46D-86BB2DCD2FB6}.Ad-Hoc|iPhoneSimulator.Deploy.0 = Release|Any CPU
		{ABE71068-5BFB-427D-A46D-86BB2DCD2FB6}.Ad-Hoc|x64.ActiveCfg = Release|Any CPU
		{ABE71068-5BFB-427D-A46D-86BB2DCD2FB6}.Ad-Hoc|x64.Build.0 = Release|Any CPU
		{ABE71068-5BFB-427D-A46D-86BB2DCD2FB6}.Ad-Hoc|x64.Deploy.0 = Release|Any CPU
		{ABE71068-5BFB-427D-A46D-86BB2DCD2FB6}.Ad-Hoc|x86.ActiveCfg = Release|Any CPU
		{ABE71068-5BFB-427D-A46D-86BB2DCD2FB6}.Ad-Hoc|x86.Build.0 = Release|Any CPU
		{ABE71068-5BFB-427D-A46D-86BB2DCD2FB6}.Ad-Hoc|x86.Deploy.0 = Release|Any CPU
		{ABE71068-5BFB-427D-A46D-86BB2DCD2FB6}.AppStore|Any CPU.ActiveCfg = Release|Any CPU
		{ABE71068-5BFB-427D-A46D-86BB2DCD2FB6}.AppStore|Any CPU.Build.0 = Release|Any CPU
		{ABE71068-5BFB-427D-A46D-86BB2DCD2FB6}.AppStore|Any CPU.Deploy.0 = Release|Any CPU
		{ABE71068-5BFB-427D-A46D-86BB2DCD2FB6}.AppStore|ARM.ActiveCfg = Release|Any CPU
		{ABE71068-5BFB-427D-A46D-86BB2DCD2FB6}.AppStore|ARM.Build.0 = Release|Any CPU
		{ABE71068-5BFB-427D-A46D-86BB2DCD2FB6}.AppStore|ARM.Deploy.0 = Release|Any CPU
		{ABE71068-5BFB-427D-A46D-86BB2DCD2FB6}.AppStore|iPhone.ActiveCfg = Release|Any CPU
		{ABE71068-5BFB-427D-A46D-86BB2DCD2FB6}.AppStore|iPhone.Build.0 = Release|Any CPU
		{ABE71068-5BFB-427D-A46D-86BB2DCD2FB6}.AppStore|iPhone.Deploy.0 = Release|Any CPU
		{ABE71068-5BFB-427D-A46D-86BB2DCD2FB6}.AppStore|iPhoneSimulator.ActiveCfg = Release|Any CPU
		{ABE71068-5BFB-427D-A46D-86BB2DCD2FB6}.AppStore|iPhoneSimulator.Build.0 = Release|Any CPU
		{ABE71068-5BFB-427D-A46D-86BB2DCD2FB6}.AppStore|iPhoneSimulator.Deploy.0 = Release|Any CPU
		{ABE71068-5BFB-427D-A46D-86BB2DCD2FB6}.AppStore|x64.ActiveCfg = Release|Any CPU
		{ABE71068-5BFB-427D-A46D-86BB2DCD2FB6}.AppStore|x64.Build.0 = Release|Any CPU
		{ABE71068-5BFB-427D-A46D-86BB2DCD2FB6}.AppStore|x64.Deploy.0 = Release|Any CPU
		{ABE71068-5BFB-427D-A46D-86BB2DCD2FB6}.AppStore|x86.ActiveCfg = Release|Any CPU
		{ABE71068-5BFB-427D-A46D-86BB2DCD2FB6}.AppStore|x86.Build.0 = Release|Any CPU
		{ABE71068-5BFB-427D-A46D-86BB2DCD2FB6}.AppStore|x86.Deploy.0 = Release|Any CPU
		{ABE71068-5BFB-427D-A46D-86BB2DCD2FB6}.Debug|Any CPU.ActiveCfg = Debug|Any CPU
		{ABE71068-5BFB-427D-A46D-86BB2DCD2FB6}.Debug|Any CPU.Build.0 = Debug|Any CPU
		{ABE71068-5BFB-427D-A46D-86BB2DCD2FB6}.Debug|Any CPU.Deploy.0 = Debug|Any CPU
		{ABE71068-5BFB-427D-A46D-86BB2DCD2FB6}.Debug|ARM.ActiveCfg = Debug|Any CPU
		{ABE71068-5BFB-427D-A46D-86BB2DCD2FB6}.Debug|ARM.Build.0 = Debug|Any CPU
		{ABE71068-5BFB-427D-A46D-86BB2DCD2FB6}.Debug|ARM.Deploy.0 = Debug|Any CPU
		{ABE71068-5BFB-427D-A46D-86BB2DCD2FB6}.Debug|iPhone.ActiveCfg = Debug|Any CPU
		{ABE71068-5BFB-427D-A46D-86BB2DCD2FB6}.Debug|iPhone.Build.0 = Debug|Any CPU
		{ABE71068-5BFB-427D-A46D-86BB2DCD2FB6}.Debug|iPhone.Deploy.0 = Debug|Any CPU
		{ABE71068-5BFB-427D-A46D-86BB2DCD2FB6}.Debug|iPhoneSimulator.ActiveCfg = Debug|Any CPU
		{ABE71068-5BFB-427D-A46D-86BB2DCD2FB6}.Debug|iPhoneSimulator.Build.0 = Debug|Any CPU
		{ABE71068-5BFB-427D-A46D-86BB2DCD2FB6}.Debug|iPhoneSimulator.Deploy.0 = Debug|Any CPU
		{ABE71068-5BFB-427D-A46D-86BB2DCD2FB6}.Debug|x64.ActiveCfg = Debug|Any CPU
		{ABE71068-5BFB-427D-A46D-86BB2DCD2FB6}.Debug|x64.Build.0 = Debug|Any CPU
		{ABE71068-5BFB-427D-A46D-86BB2DCD2FB6}.Debug|x64.Deploy.0 = Debug|Any CPU
		{ABE71068-5BFB-427D-A46D-86BB2DCD2FB6}.Debug|x86.ActiveCfg = Debug|Any CPU
		{ABE71068-5BFB-427D-A46D-86BB2DCD2FB6}.Debug|x86.Build.0 = Debug|Any CPU
		{ABE71068-5BFB-427D-A46D-86BB2DCD2FB6}.Debug|x86.Deploy.0 = Debug|Any CPU
		{ABE71068-5BFB-427D-A46D-86BB2DCD2FB6}.Release|Any CPU.ActiveCfg = Release|Any CPU
		{ABE71068-5BFB-427D-A46D-86BB2DCD2FB6}.Release|Any CPU.Build.0 = Release|Any CPU
		{ABE71068-5BFB-427D-A46D-86BB2DCD2FB6}.Release|Any CPU.Deploy.0 = Release|Any CPU
		{ABE71068-5BFB-427D-A46D-86BB2DCD2FB6}.Release|ARM.ActiveCfg = Release|Any CPU
		{ABE71068-5BFB-427D-A46D-86BB2DCD2FB6}.Release|ARM.Build.0 = Release|Any CPU
		{ABE71068-5BFB-427D-A46D-86BB2DCD2FB6}.Release|ARM.Deploy.0 = Release|Any CPU
		{ABE71068-5BFB-427D-A46D-86BB2DCD2FB6}.Release|iPhone.ActiveCfg = Release|Any CPU
		{ABE71068-5BFB-427D-A46D-86BB2DCD2FB6}.Release|iPhone.Build.0 = Release|Any CPU
		{ABE71068-5BFB-427D-A46D-86BB2DCD2FB6}.Release|iPhone.Deploy.0 = Release|Any CPU
		{ABE71068-5BFB-427D-A46D-86BB2DCD2FB6}.Release|iPhoneSimulator.ActiveCfg = Release|Any CPU
		{ABE71068-5BFB-427D-A46D-86BB2DCD2FB6}.Release|iPhoneSimulator.Build.0 = Release|Any CPU
		{ABE71068-5BFB-427D-A46D-86BB2DCD2FB6}.Release|iPhoneSimulator.Deploy.0 = Release|Any CPU
		{ABE71068-5BFB-427D-A46D-86BB2DCD2FB6}.Release|x64.ActiveCfg = Release|Any CPU
		{ABE71068-5BFB-427D-A46D-86BB2DCD2FB6}.Release|x64.Build.0 = Release|Any CPU
		{ABE71068-5BFB-427D-A46D-86BB2DCD2FB6}.Release|x64.Deploy.0 = Release|Any CPU
		{ABE71068-5BFB-427D-A46D-86BB2DCD2FB6}.Release|x86.ActiveCfg = Release|Any CPU
		{ABE71068-5BFB-427D-A46D-86BB2DCD2FB6}.Release|x86.Build.0 = Release|Any CPU
		{ABE71068-5BFB-427D-A46D-86BB2DCD2FB6}.Release|x86.Deploy.0 = Release|Any CPU
		{2D818DC7-2392-4C03-B162-580959A264A6}.Ad-Hoc|Any CPU.ActiveCfg = Ad-Hoc|iPhone
		{2D818DC7-2392-4C03-B162-580959A264A6}.Ad-Hoc|Any CPU.Build.0 = Ad-Hoc|iPhone
		{2D818DC7-2392-4C03-B162-580959A264A6}.Ad-Hoc|Any CPU.Deploy.0 = Ad-Hoc|iPhone
		{2D818DC7-2392-4C03-B162-580959A264A6}.Ad-Hoc|ARM.ActiveCfg = Ad-Hoc|iPhone
		{2D818DC7-2392-4C03-B162-580959A264A6}.Ad-Hoc|ARM.Build.0 = Ad-Hoc|iPhone
		{2D818DC7-2392-4C03-B162-580959A264A6}.Ad-Hoc|ARM.Deploy.0 = Ad-Hoc|iPhone
		{2D818DC7-2392-4C03-B162-580959A264A6}.Ad-Hoc|iPhone.ActiveCfg = Ad-Hoc|iPhone
		{2D818DC7-2392-4C03-B162-580959A264A6}.Ad-Hoc|iPhone.Build.0 = Ad-Hoc|iPhone
		{2D818DC7-2392-4C03-B162-580959A264A6}.Ad-Hoc|iPhone.Deploy.0 = Ad-Hoc|iPhone
		{2D818DC7-2392-4C03-B162-580959A264A6}.Ad-Hoc|iPhoneSimulator.ActiveCfg = Ad-Hoc|iPhoneSimulator
		{2D818DC7-2392-4C03-B162-580959A264A6}.Ad-Hoc|iPhoneSimulator.Build.0 = Ad-Hoc|iPhoneSimulator
		{2D818DC7-2392-4C03-B162-580959A264A6}.Ad-Hoc|iPhoneSimulator.Deploy.0 = Ad-Hoc|iPhoneSimulator
		{2D818DC7-2392-4C03-B162-580959A264A6}.Ad-Hoc|x64.ActiveCfg = Ad-Hoc|iPhone
		{2D818DC7-2392-4C03-B162-580959A264A6}.Ad-Hoc|x64.Build.0 = Ad-Hoc|iPhone
		{2D818DC7-2392-4C03-B162-580959A264A6}.Ad-Hoc|x64.Deploy.0 = Ad-Hoc|iPhone
		{2D818DC7-2392-4C03-B162-580959A264A6}.Ad-Hoc|x86.ActiveCfg = Ad-Hoc|iPhone
		{2D818DC7-2392-4C03-B162-580959A264A6}.Ad-Hoc|x86.Build.0 = Ad-Hoc|iPhone
		{2D818DC7-2392-4C03-B162-580959A264A6}.Ad-Hoc|x86.Deploy.0 = Ad-Hoc|iPhone
		{2D818DC7-2392-4C03-B162-580959A264A6}.AppStore|Any CPU.ActiveCfg = AppStore|iPhone
		{2D818DC7-2392-4C03-B162-580959A264A6}.AppStore|Any CPU.Build.0 = AppStore|iPhone
		{2D818DC7-2392-4C03-B162-580959A264A6}.AppStore|Any CPU.Deploy.0 = AppStore|iPhone
		{2D818DC7-2392-4C03-B162-580959A264A6}.AppStore|ARM.ActiveCfg = AppStore|iPhone
		{2D818DC7-2392-4C03-B162-580959A264A6}.AppStore|ARM.Build.0 = AppStore|iPhone
		{2D818DC7-2392-4C03-B162-580959A264A6}.AppStore|ARM.Deploy.0 = AppStore|iPhone
		{2D818DC7-2392-4C03-B162-580959A264A6}.AppStore|iPhone.ActiveCfg = AppStore|iPhone
		{2D818DC7-2392-4C03-B162-580959A264A6}.AppStore|iPhone.Build.0 = AppStore|iPhone
		{2D818DC7-2392-4C03-B162-580959A264A6}.AppStore|iPhone.Deploy.0 = AppStore|iPhone
		{2D818DC7-2392-4C03-B162-580959A264A6}.AppStore|iPhoneSimulator.ActiveCfg = AppStore|iPhoneSimulator
		{2D818DC7-2392-4C03-B162-580959A264A6}.AppStore|iPhoneSimulator.Build.0 = AppStore|iPhoneSimulator
		{2D818DC7-2392-4C03-B162-580959A264A6}.AppStore|iPhoneSimulator.Deploy.0 = AppStore|iPhoneSimulator
		{2D818DC7-2392-4C03-B162-580959A264A6}.AppStore|x64.ActiveCfg = AppStore|iPhone
		{2D818DC7-2392-4C03-B162-580959A264A6}.AppStore|x64.Build.0 = AppStore|iPhone
		{2D818DC7-2392-4C03-B162-580959A264A6}.AppStore|x64.Deploy.0 = AppStore|iPhone
		{2D818DC7-2392-4C03-B162-580959A264A6}.AppStore|x86.ActiveCfg = AppStore|iPhone
		{2D818DC7-2392-4C03-B162-580959A264A6}.AppStore|x86.Build.0 = AppStore|iPhone
		{2D818DC7-2392-4C03-B162-580959A264A6}.AppStore|x86.Deploy.0 = AppStore|iPhone
		{2D818DC7-2392-4C03-B162-580959A264A6}.Debug|Any CPU.ActiveCfg = Debug|iPhoneSimulator
		{2D818DC7-2392-4C03-B162-580959A264A6}.Debug|Any CPU.Build.0 = Debug|iPhoneSimulator
		{2D818DC7-2392-4C03-B162-580959A264A6}.Debug|Any CPU.Deploy.0 = Debug|iPhoneSimulator
		{2D818DC7-2392-4C03-B162-580959A264A6}.Debug|ARM.ActiveCfg = Debug|iPhone
		{2D818DC7-2392-4C03-B162-580959A264A6}.Debug|ARM.Build.0 = Debug|iPhone
		{2D818DC7-2392-4C03-B162-580959A264A6}.Debug|ARM.Deploy.0 = Debug|iPhone
		{2D818DC7-2392-4C03-B162-580959A264A6}.Debug|iPhone.ActiveCfg = Debug|iPhone
		{2D818DC7-2392-4C03-B162-580959A264A6}.Debug|iPhone.Build.0 = Debug|iPhone
		{2D818DC7-2392-4C03-B162-580959A264A6}.Debug|iPhone.Deploy.0 = Debug|iPhone
		{2D818DC7-2392-4C03-B162-580959A264A6}.Debug|iPhoneSimulator.ActiveCfg = Debug|iPhoneSimulator
		{2D818DC7-2392-4C03-B162-580959A264A6}.Debug|iPhoneSimulator.Build.0 = Debug|iPhoneSimulator
		{2D818DC7-2392-4C03-B162-580959A264A6}.Debug|iPhoneSimulator.Deploy.0 = Debug|iPhoneSimulator
		{2D818DC7-2392-4C03-B162-580959A264A6}.Debug|x64.ActiveCfg = Debug|iPhone
		{2D818DC7-2392-4C03-B162-580959A264A6}.Debug|x64.Build.0 = Debug|iPhone
		{2D818DC7-2392-4C03-B162-580959A264A6}.Debug|x64.Deploy.0 = Debug|iPhone
		{2D818DC7-2392-4C03-B162-580959A264A6}.Debug|x86.ActiveCfg = Debug|iPhone
		{2D818DC7-2392-4C03-B162-580959A264A6}.Debug|x86.Build.0 = Debug|iPhone
		{2D818DC7-2392-4C03-B162-580959A264A6}.Debug|x86.Deploy.0 = Debug|iPhone
		{2D818DC7-2392-4C03-B162-580959A264A6}.Release|Any CPU.ActiveCfg = Release|iPhone
		{2D818DC7-2392-4C03-B162-580959A264A6}.Release|Any CPU.Build.0 = Release|iPhone
		{2D818DC7-2392-4C03-B162-580959A264A6}.Release|Any CPU.Deploy.0 = Release|iPhone
		{2D818DC7-2392-4C03-B162-580959A264A6}.Release|ARM.ActiveCfg = Release|iPhone
		{2D818DC7-2392-4C03-B162-580959A264A6}.Release|ARM.Build.0 = Release|iPhone
		{2D818DC7-2392-4C03-B162-580959A264A6}.Release|ARM.Deploy.0 = Release|iPhone
		{2D818DC7-2392-4C03-B162-580959A264A6}.Release|iPhone.ActiveCfg = Release|iPhone
		{2D818DC7-2392-4C03-B162-580959A264A6}.Release|iPhone.Build.0 = Release|iPhone
		{2D818DC7-2392-4C03-B162-580959A264A6}.Release|iPhone.Deploy.0 = Release|iPhone
		{2D818DC7-2392-4C03-B162-580959A264A6}.Release|iPhoneSimulator.ActiveCfg = Release|iPhoneSimulator
		{2D818DC7-2392-4C03-B162-580959A264A6}.Release|iPhoneSimulator.Build.0 = Release|iPhoneSimulator
		{2D818DC7-2392-4C03-B162-580959A264A6}.Release|iPhoneSimulator.Deploy.0 = Release|iPhoneSimulator
		{2D818DC7-2392-4C03-B162-580959A264A6}.Release|x64.ActiveCfg = Release|iPhone
		{2D818DC7-2392-4C03-B162-580959A264A6}.Release|x64.Build.0 = Release|iPhone
		{2D818DC7-2392-4C03-B162-580959A264A6}.Release|x64.Deploy.0 = Release|iPhone
		{2D818DC7-2392-4C03-B162-580959A264A6}.Release|x86.ActiveCfg = Release|iPhone
		{2D818DC7-2392-4C03-B162-580959A264A6}.Release|x86.Build.0 = Release|iPhone
		{2D818DC7-2392-4C03-B162-580959A264A6}.Release|x86.Deploy.0 = Release|iPhone
		{056AC3E8-F43E-42C1-B55C-9619F9559590}.Ad-Hoc|Any CPU.ActiveCfg = Release|x86
		{056AC3E8-F43E-42C1-B55C-9619F9559590}.Ad-Hoc|Any CPU.Build.0 = Release|x86
		{056AC3E8-F43E-42C1-B55C-9619F9559590}.Ad-Hoc|Any CPU.Deploy.0 = Release|x86
		{056AC3E8-F43E-42C1-B55C-9619F9559590}.Ad-Hoc|ARM.ActiveCfg = Release|ARM
		{056AC3E8-F43E-42C1-B55C-9619F9559590}.Ad-Hoc|ARM.Build.0 = Release|ARM
		{056AC3E8-F43E-42C1-B55C-9619F9559590}.Ad-Hoc|ARM.Deploy.0 = Release|ARM
		{056AC3E8-F43E-42C1-B55C-9619F9559590}.Ad-Hoc|iPhone.ActiveCfg = Release|x86
		{056AC3E8-F43E-42C1-B55C-9619F9559590}.Ad-Hoc|iPhone.Build.0 = Release|x86
		{056AC3E8-F43E-42C1-B55C-9619F9559590}.Ad-Hoc|iPhone.Deploy.0 = Release|x86
		{056AC3E8-F43E-42C1-B55C-9619F9559590}.Ad-Hoc|iPhoneSimulator.ActiveCfg = Release|x86
		{056AC3E8-F43E-42C1-B55C-9619F9559590}.Ad-Hoc|iPhoneSimulator.Build.0 = Release|x86
		{056AC3E8-F43E-42C1-B55C-9619F9559590}.Ad-Hoc|iPhoneSimulator.Deploy.0 = Release|x86
		{056AC3E8-F43E-42C1-B55C-9619F9559590}.Ad-Hoc|x64.ActiveCfg = Release|x64
		{056AC3E8-F43E-42C1-B55C-9619F9559590}.Ad-Hoc|x64.Build.0 = Release|x64
		{056AC3E8-F43E-42C1-B55C-9619F9559590}.Ad-Hoc|x64.Deploy.0 = Release|x64
		{056AC3E8-F43E-42C1-B55C-9619F9559590}.Ad-Hoc|x86.ActiveCfg = Release|x86
		{056AC3E8-F43E-42C1-B55C-9619F9559590}.Ad-Hoc|x86.Build.0 = Release|x86
		{056AC3E8-F43E-42C1-B55C-9619F9559590}.Ad-Hoc|x86.Deploy.0 = Release|x86
		{056AC3E8-F43E-42C1-B55C-9619F9559590}.AppStore|Any CPU.ActiveCfg = Release|x86
		{056AC3E8-F43E-42C1-B55C-9619F9559590}.AppStore|Any CPU.Build.0 = Release|x86
		{056AC3E8-F43E-42C1-B55C-9619F9559590}.AppStore|Any CPU.Deploy.0 = Release|x86
		{056AC3E8-F43E-42C1-B55C-9619F9559590}.AppStore|ARM.ActiveCfg = Release|ARM
		{056AC3E8-F43E-42C1-B55C-9619F9559590}.AppStore|ARM.Build.0 = Release|ARM
		{056AC3E8-F43E-42C1-B55C-9619F9559590}.AppStore|ARM.Deploy.0 = Release|ARM
		{056AC3E8-F43E-42C1-B55C-9619F9559590}.AppStore|iPhone.ActiveCfg = Release|x86
		{056AC3E8-F43E-42C1-B55C-9619F9559590}.AppStore|iPhone.Build.0 = Release|x86
		{056AC3E8-F43E-42C1-B55C-9619F9559590}.AppStore|iPhone.Deploy.0 = Release|x86
		{056AC3E8-F43E-42C1-B55C-9619F9559590}.AppStore|iPhoneSimulator.ActiveCfg = Release|x86
		{056AC3E8-F43E-42C1-B55C-9619F9559590}.AppStore|iPhoneSimulator.Build.0 = Release|x86
		{056AC3E8-F43E-42C1-B55C-9619F9559590}.AppStore|iPhoneSimulator.Deploy.0 = Release|x86
		{056AC3E8-F43E-42C1-B55C-9619F9559590}.AppStore|x64.ActiveCfg = Release|x64
		{056AC3E8-F43E-42C1-B55C-9619F9559590}.AppStore|x64.Build.0 = Release|x64
		{056AC3E8-F43E-42C1-B55C-9619F9559590}.AppStore|x64.Deploy.0 = Release|x64
		{056AC3E8-F43E-42C1-B55C-9619F9559590}.AppStore|x86.ActiveCfg = Release|x86
		{056AC3E8-F43E-42C1-B55C-9619F9559590}.AppStore|x86.Build.0 = Release|x86
		{056AC3E8-F43E-42C1-B55C-9619F9559590}.AppStore|x86.Deploy.0 = Release|x86
		{056AC3E8-F43E-42C1-B55C-9619F9559590}.Debug|Any CPU.ActiveCfg = Debug|x86
		{056AC3E8-F43E-42C1-B55C-9619F9559590}.Debug|Any CPU.Build.0 = Debug|x86
		{056AC3E8-F43E-42C1-B55C-9619F9559590}.Debug|Any CPU.Deploy.0 = Debug|x86
		{056AC3E8-F43E-42C1-B55C-9619F9559590}.Debug|ARM.ActiveCfg = Debug|ARM
		{056AC3E8-F43E-42C1-B55C-9619F9559590}.Debug|ARM.Build.0 = Debug|ARM
		{056AC3E8-F43E-42C1-B55C-9619F9559590}.Debug|ARM.Deploy.0 = Debug|ARM
		{056AC3E8-F43E-42C1-B55C-9619F9559590}.Debug|iPhone.ActiveCfg = Debug|x86
		{056AC3E8-F43E-42C1-B55C-9619F9559590}.Debug|iPhone.Build.0 = Debug|x86
		{056AC3E8-F43E-42C1-B55C-9619F9559590}.Debug|iPhone.Deploy.0 = Debug|x86
		{056AC3E8-F43E-42C1-B55C-9619F9559590}.Debug|iPhoneSimulator.ActiveCfg = Debug|x86
		{056AC3E8-F43E-42C1-B55C-9619F9559590}.Debug|iPhoneSimulator.Build.0 = Debug|x86
		{056AC3E8-F43E-42C1-B55C-9619F9559590}.Debug|iPhoneSimulator.Deploy.0 = Debug|x86
		{056AC3E8-F43E-42C1-B55C-9619F9559590}.Debug|x64.ActiveCfg = Debug|x64
		{056AC3E8-F43E-42C1-B55C-9619F9559590}.Debug|x64.Build.0 = Debug|x64
		{056AC3E8-F43E-42C1-B55C-9619F9559590}.Debug|x64.Deploy.0 = Debug|x64
		{056AC3E8-F43E-42C1-B55C-9619F9559590}.Debug|x86.ActiveCfg = Debug|x86
		{056AC3E8-F43E-42C1-B55C-9619F9559590}.Debug|x86.Build.0 = Debug|x86
		{056AC3E8-F43E-42C1-B55C-9619F9559590}.Debug|x86.Deploy.0 = Debug|x86
		{056AC3E8-F43E-42C1-B55C-9619F9559590}.Release|Any CPU.ActiveCfg = Release|x86
		{056AC3E8-F43E-42C1-B55C-9619F9559590}.Release|Any CPU.Build.0 = Release|x86
		{056AC3E8-F43E-42C1-B55C-9619F9559590}.Release|Any CPU.Deploy.0 = Release|x86
		{056AC3E8-F43E-42C1-B55C-9619F9559590}.Release|ARM.ActiveCfg = Release|ARM
		{056AC3E8-F43E-42C1-B55C-9619F9559590}.Release|ARM.Build.0 = Release|ARM
		{056AC3E8-F43E-42C1-B55C-9619F9559590}.Release|ARM.Deploy.0 = Release|ARM
		{056AC3E8-F43E-42C1-B55C-9619F9559590}.Release|iPhone.ActiveCfg = Release|x86
		{056AC3E8-F43E-42C1-B55C-9619F9559590}.Release|iPhone.Build.0 = Release|x86
		{056AC3E8-F43E-42C1-B55C-9619F9559590}.Release|iPhone.Deploy.0 = Release|x86
		{056AC3E8-F43E-42C1-B55C-9619F9559590}.Release|iPhoneSimulator.ActiveCfg = Release|x86
		{056AC3E8-F43E-42C1-B55C-9619F9559590}.Release|iPhoneSimulator.Build.0 = Release|x86
		{056AC3E8-F43E-42C1-B55C-9619F9559590}.Release|iPhoneSimulator.Deploy.0 = Release|x86
		{056AC3E8-F43E-42C1-B55C-9619F9559590}.Release|x64.ActiveCfg = Release|x64
		{056AC3E8-F43E-42C1-B55C-9619F9559590}.Release|x64.Build.0 = Release|x64
		{056AC3E8-F43E-42C1-B55C-9619F9559590}.Release|x64.Deploy.0 = Release|x64
		{056AC3E8-F43E-42C1-B55C-9619F9559590}.Release|x86.ActiveCfg = Release|x86
		{056AC3E8-F43E-42C1-B55C-9619F9559590}.Release|x86.Build.0 = Release|x86
		{056AC3E8-F43E-42C1-B55C-9619F9559590}.Release|x86.Deploy.0 = Release|x86
		{C3E0888E-1C7D-46DE-B725-DFA23DCCCB32}.Ad-Hoc|Any CPU.ActiveCfg = Debug|Any CPU
		{C3E0888E-1C7D-46DE-B725-DFA23DCCCB32}.Ad-Hoc|Any CPU.Build.0 = Debug|Any CPU
		{C3E0888E-1C7D-46DE-B725-DFA23DCCCB32}.Ad-Hoc|Any CPU.Deploy.0 = Debug|Any CPU
		{C3E0888E-1C7D-46DE-B725-DFA23DCCCB32}.Ad-Hoc|ARM.ActiveCfg = Debug|Any CPU
		{C3E0888E-1C7D-46DE-B725-DFA23DCCCB32}.Ad-Hoc|ARM.Build.0 = Debug|Any CPU
		{C3E0888E-1C7D-46DE-B725-DFA23DCCCB32}.Ad-Hoc|ARM.Deploy.0 = Debug|Any CPU
		{C3E0888E-1C7D-46DE-B725-DFA23DCCCB32}.Ad-Hoc|iPhone.ActiveCfg = Debug|Any CPU
		{C3E0888E-1C7D-46DE-B725-DFA23DCCCB32}.Ad-Hoc|iPhone.Build.0 = Debug|Any CPU
		{C3E0888E-1C7D-46DE-B725-DFA23DCCCB32}.Ad-Hoc|iPhone.Deploy.0 = Debug|Any CPU
		{C3E0888E-1C7D-46DE-B725-DFA23DCCCB32}.Ad-Hoc|iPhoneSimulator.ActiveCfg = Debug|Any CPU
		{C3E0888E-1C7D-46DE-B725-DFA23DCCCB32}.Ad-Hoc|iPhoneSimulator.Build.0 = Debug|Any CPU
		{C3E0888E-1C7D-46DE-B725-DFA23DCCCB32}.Ad-Hoc|iPhoneSimulator.Deploy.0 = Debug|Any CPU
		{C3E0888E-1C7D-46DE-B725-DFA23DCCCB32}.Ad-Hoc|x64.ActiveCfg = Debug|Any CPU
		{C3E0888E-1C7D-46DE-B725-DFA23DCCCB32}.Ad-Hoc|x64.Build.0 = Debug|Any CPU
		{C3E0888E-1C7D-46DE-B725-DFA23DCCCB32}.Ad-Hoc|x64.Deploy.0 = Debug|Any CPU
		{C3E0888E-1C7D-46DE-B725-DFA23DCCCB32}.Ad-Hoc|x86.ActiveCfg = Debug|Any CPU
		{C3E0888E-1C7D-46DE-B725-DFA23DCCCB32}.Ad-Hoc|x86.Build.0 = Debug|Any CPU
		{C3E0888E-1C7D-46DE-B725-DFA23DCCCB32}.Ad-Hoc|x86.Deploy.0 = Debug|Any CPU
		{C3E0888E-1C7D-46DE-B725-DFA23DCCCB32}.AppStore|Any CPU.ActiveCfg = Debug|Any CPU
		{C3E0888E-1C7D-46DE-B725-DFA23DCCCB32}.AppStore|Any CPU.Build.0 = Debug|Any CPU
		{C3E0888E-1C7D-46DE-B725-DFA23DCCCB32}.AppStore|Any CPU.Deploy.0 = Debug|Any CPU
		{C3E0888E-1C7D-46DE-B725-DFA23DCCCB32}.AppStore|ARM.ActiveCfg = Debug|Any CPU
		{C3E0888E-1C7D-46DE-B725-DFA23DCCCB32}.AppStore|ARM.Build.0 = Debug|Any CPU
		{C3E0888E-1C7D-46DE-B725-DFA23DCCCB32}.AppStore|ARM.Deploy.0 = Debug|Any CPU
		{C3E0888E-1C7D-46DE-B725-DFA23DCCCB32}.AppStore|iPhone.ActiveCfg = Debug|Any CPU
		{C3E0888E-1C7D-46DE-B725-DFA23DCCCB32}.AppStore|iPhone.Build.0 = Debug|Any CPU
		{C3E0888E-1C7D-46DE-B725-DFA23DCCCB32}.AppStore|iPhone.Deploy.0 = Debug|Any CPU
		{C3E0888E-1C7D-46DE-B725-DFA23DCCCB32}.AppStore|iPhoneSimulator.ActiveCfg = Debug|Any CPU
		{C3E0888E-1C7D-46DE-B725-DFA23DCCCB32}.AppStore|iPhoneSimulator.Build.0 = Debug|Any CPU
		{C3E0888E-1C7D-46DE-B725-DFA23DCCCB32}.AppStore|iPhoneSimulator.Deploy.0 = Debug|Any CPU
		{C3E0888E-1C7D-46DE-B725-DFA23DCCCB32}.AppStore|x64.ActiveCfg = Debug|Any CPU
		{C3E0888E-1C7D-46DE-B725-DFA23DCCCB32}.AppStore|x64.Build.0 = Debug|Any CPU
		{C3E0888E-1C7D-46DE-B725-DFA23DCCCB32}.AppStore|x64.Deploy.0 = Debug|Any CPU
		{C3E0888E-1C7D-46DE-B725-DFA23DCCCB32}.AppStore|x86.ActiveCfg = Debug|Any CPU
		{C3E0888E-1C7D-46DE-B725-DFA23DCCCB32}.AppStore|x86.Build.0 = Debug|Any CPU
		{C3E0888E-1C7D-46DE-B725-DFA23DCCCB32}.AppStore|x86.Deploy.0 = Debug|Any CPU
		{C3E0888E-1C7D-46DE-B725-DFA23DCCCB32}.Debug|Any CPU.ActiveCfg = Debug|Any CPU
		{C3E0888E-1C7D-46DE-B725-DFA23DCCCB32}.Debug|Any CPU.Build.0 = Debug|Any CPU
		{C3E0888E-1C7D-46DE-B725-DFA23DCCCB32}.Debug|Any CPU.Deploy.0 = Debug|Any CPU
		{C3E0888E-1C7D-46DE-B725-DFA23DCCCB32}.Debug|ARM.ActiveCfg = Debug|Any CPU
		{C3E0888E-1C7D-46DE-B725-DFA23DCCCB32}.Debug|ARM.Build.0 = Debug|Any CPU
		{C3E0888E-1C7D-46DE-B725-DFA23DCCCB32}.Debug|ARM.Deploy.0 = Debug|Any CPU
		{C3E0888E-1C7D-46DE-B725-DFA23DCCCB32}.Debug|iPhone.ActiveCfg = Debug|Any CPU
		{C3E0888E-1C7D-46DE-B725-DFA23DCCCB32}.Debug|iPhone.Build.0 = Debug|Any CPU
		{C3E0888E-1C7D-46DE-B725-DFA23DCCCB32}.Debug|iPhone.Deploy.0 = Debug|Any CPU
		{C3E0888E-1C7D-46DE-B725-DFA23DCCCB32}.Debug|iPhoneSimulator.ActiveCfg = Debug|Any CPU
		{C3E0888E-1C7D-46DE-B725-DFA23DCCCB32}.Debug|iPhoneSimulator.Build.0 = Debug|Any CPU
		{C3E0888E-1C7D-46DE-B725-DFA23DCCCB32}.Debug|iPhoneSimulator.Deploy.0 = Debug|Any CPU
		{C3E0888E-1C7D-46DE-B725-DFA23DCCCB32}.Debug|x64.ActiveCfg = Debug|Any CPU
		{C3E0888E-1C7D-46DE-B725-DFA23DCCCB32}.Debug|x64.Build.0 = Debug|Any CPU
		{C3E0888E-1C7D-46DE-B725-DFA23DCCCB32}.Debug|x64.Deploy.0 = Debug|Any CPU
		{C3E0888E-1C7D-46DE-B725-DFA23DCCCB32}.Debug|x86.ActiveCfg = Debug|Any CPU
		{C3E0888E-1C7D-46DE-B725-DFA23DCCCB32}.Debug|x86.Build.0 = Debug|Any CPU
		{C3E0888E-1C7D-46DE-B725-DFA23DCCCB32}.Debug|x86.Deploy.0 = Debug|Any CPU
		{C3E0888E-1C7D-46DE-B725-DFA23DCCCB32}.Release|Any CPU.ActiveCfg = Release|Any CPU
		{C3E0888E-1C7D-46DE-B725-DFA23DCCCB32}.Release|Any CPU.Build.0 = Release|Any CPU
		{C3E0888E-1C7D-46DE-B725-DFA23DCCCB32}.Release|Any CPU.Deploy.0 = Release|Any CPU
		{C3E0888E-1C7D-46DE-B725-DFA23DCCCB32}.Release|ARM.ActiveCfg = Release|Any CPU
		{C3E0888E-1C7D-46DE-B725-DFA23DCCCB32}.Release|ARM.Build.0 = Release|Any CPU
		{C3E0888E-1C7D-46DE-B725-DFA23DCCCB32}.Release|ARM.Deploy.0 = Release|Any CPU
		{C3E0888E-1C7D-46DE-B725-DFA23DCCCB32}.Release|iPhone.ActiveCfg = Release|Any CPU
		{C3E0888E-1C7D-46DE-B725-DFA23DCCCB32}.Release|iPhone.Build.0 = Release|Any CPU
		{C3E0888E-1C7D-46DE-B725-DFA23DCCCB32}.Release|iPhone.Deploy.0 = Release|Any CPU
		{C3E0888E-1C7D-46DE-B725-DFA23DCCCB32}.Release|iPhoneSimulator.ActiveCfg = Release|Any CPU
		{C3E0888E-1C7D-46DE-B725-DFA23DCCCB32}.Release|iPhoneSimulator.Build.0 = Release|Any CPU
		{C3E0888E-1C7D-46DE-B725-DFA23DCCCB32}.Release|iPhoneSimulator.Deploy.0 = Release|Any CPU
		{C3E0888E-1C7D-46DE-B725-DFA23DCCCB32}.Release|x64.ActiveCfg = Release|Any CPU
		{C3E0888E-1C7D-46DE-B725-DFA23DCCCB32}.Release|x64.Build.0 = Release|Any CPU
		{C3E0888E-1C7D-46DE-B725-DFA23DCCCB32}.Release|x64.Deploy.0 = Release|Any CPU
		{C3E0888E-1C7D-46DE-B725-DFA23DCCCB32}.Release|x86.ActiveCfg = Release|Any CPU
		{C3E0888E-1C7D-46DE-B725-DFA23DCCCB32}.Release|x86.Build.0 = Release|Any CPU
		{C3E0888E-1C7D-46DE-B725-DFA23DCCCB32}.Release|x86.Deploy.0 = Release|Any CPU
	EndGlobalSection
	GlobalSection(SolutionProperties) = preSolution
		HideSolutionNode = FALSE
	EndGlobalSection
	GlobalSection(ExtensibilityGlobals) = postSolution
		SolutionGuid = {5887DC19-41A5-4607-91AA-36991847A955}
	EndGlobalSection
EndGlobal
